
Microsoft Visual Studio Solution File, Format Version 12.00
# Visual Studio 15
VisualStudioVersion = 15.0.27703.2035
MinimumVisualStudioVersion = 10.0.40219.1
Project("{FAE04EC0-301F-11D3-BF4B-00C04F79EFBC}") = "BookList_Razor2", "BookList_Razor2\BookList_Razor2.csproj", "{1ABC0B60-E9B8-4F33-B7DB-0D8D31E63C43}"
EndProject
Global
	GlobalSection(SolutionConfigurationPlatforms) = preSolution
		Debug|Any CPU = Debug|Any CPU
		Release|Any CPU = Release|Any CPU
	EndGlobalSection
	GlobalSection(ProjectConfigurationPlatforms) = postSolution
		{1ABC0B60-E9B8-4F33-B7DB-0D8D31E63C43}.Debug|Any CPU.ActiveCfg = Debug|Any CPU
		{1ABC0B60-E9B8-4F33-B7DB-0D8D31E63C43}.Debug|Any CPU.Build.0 = Debug|Any CPU
		{1ABC0B60-E9B8-4F33-B7DB-0D8D31E63C43}.Release|Any CPU.ActiveCfg = Release|Any CPU
		{1ABC0B60-E9B8-4F33-B7DB-0D8D31E63C43}.Release|Any CPU.Build.0 = Release|Any CPU
	EndGlobalSection
	GlobalSection(SolutionProperties) = preSolution
		HideSolutionNode = FALSE
	EndGlobalSection
	GlobalSection(ExtensibilityGlobals) = postSolution
		SolutionGuid = {3758EEE1-1767-4AB3-978A-E9E2E5A6EC30}
	EndGlobalSection
EndGlobal
